{
  "name": "nexus-codex",
  "version": "1.0.0",
  "lockfileVersion": 3,
  "requires": true,
  "packages": {
    "": {
      "name": "nexus-codex",
      "version": "1.0.0",
      "license": "ISC",
      "dependencies": {
        "@hono/node-server": "^2.0.0",
        "@hono/zod-validator": "^0.7.6",
        "@openai/codex-sdk": "^0.125.0",
        "hono": "^4.12.15",
        "zod": "^4.3.6"
      },
      "devDependencies": {
        "@types/node": "^25.6.0",
        "typescript": "^5.8.3"
      }
    },
    "node_modules/@hono/node-server": {
      "version": "2.0.0",
      "resolved": "https://registry.npmmirror.com/@hono/node-server/-/node-server-2.0.0.tgz",
      "integrity": "sha512-n3GfHwwCvHCkGmOwKfxUPOlbfzuO64Sbc5XC4NGPIXxkuOnJrdgExdRKmHfF924r914WRJPT397GdqLvdYTeyQ==",
      "license": "MIT",
      "engines": {
        "node": ">=20"
      },
      "peerDependencies": {
        "hono": "^4"
      }
    },
    "node_modules/@hono/zod-validator": {
      "version": "0.7.6",
      "resolved": "https://registry.npmmirror.com/@hono/zod-validator/-/zod-validator-0.7.6.tgz",
      "integrity": "sha512-Io1B6d011Gj1KknV4rXYz4le5+5EubcWEU/speUjuw9XMMIaP3n78yXLhjd2A3PXaXaUwEAluOiAyLqhBEJgsw==",
      "license": "MIT",
      "peerDependencies": {
        "hono": ">=3.9.0",
        "zod": "^3.25.0 || ^4.0.0"
      }
    },
    "node_modules/@openai/codex": {
      "version": "0.125.0",
      "resolved": "https://registry.npmmirror.com/@openai/codex/-/codex-0.125.0.tgz",
      "integrity": "sha512-GiE9wlgL95u/5BRirY5d3EaRLU1tu7Y1R09R8lCHHVmcQdSmhS809FdPDWH3gIYHS7ZriAPqXwJ3aLA0WKl40Q==",
      "license": "Apache-2.0",
      "bin": {
        "codex": "bin/codex.js"
      },
      "engines": {
        "node": ">=16"
      },
      "optionalDependencies": {
        "@openai/codex-darwin-arm64": "npm:@openai/codex@0.125.0-darwin-arm64",
        "@openai/codex-darwin-x64": "npm:@openai/codex@0.125.0-darwin-x64",
        "@openai/codex-linux-arm64": "npm:@openai/codex@0.125.0-linux-arm64",
        "@openai/codex-linux-x64": "npm:@openai/codex@0.125.0-linux-x64",
        "@openai/codex-win32-arm64": "npm:@openai/codex@0.125.0-win32-arm64",
        "@openai/codex-win32-x64": "npm:@openai/codex@0.125.0-win32-x64"
      }
    },
    "node_modules/@openai/codex-darwin-arm64": {
      "name": "@openai/codex",
      "version": "0.125.0-darwin-arm64",
      "resolved": "https://registry.npmmirror.com/@openai/codex/-/codex-0.125.0-darwin-arm64.tgz",
      "integrity": "sha512-Gn2fHiSO0XgyHp1OSd5DWUTm66Bv9UEuipW5pVEj1E+hWZCOrdqnYttllKFWtRGj5yiKefNX3JIxONgh/ZwlOQ==",
      "cpu": [
        "arm64"
      ],
      "license": "Apache-2.0",
      "optional": true,
      "os": [
        "darwin"
      ],
      "engines": {
        "node": ">=16"
      }
    },
    "node_modules/@openai/codex-darwin-x64": {
      "name": "@openai/codex",
      "version": "0.125.0-darwin-x64",
      "resolved": "https://registry.npmmirror.com/@openai/codex/-/codex-0.125.0-darwin-x64.tgz",
      "integrity": "sha512-TZ5Lek2X/UXTI9LXFxzarvQaJeuTrqVh4POc7soO/8RclVnCxADnCf15sivxLd5eiFW4t0myGoeVoM4lciRiRg==",
      "cpu": [
        "x64"
      ],
      "license": "Apache-2.0",
      "optional": true,
      "os": [
        "darwin"
      ],
      "engines": {
        "node": ">=16"
      }
    },
    "node_modules/@openai/codex-linux-arm64": {
      "name": "@openai/codex",
      "version": "0.125.0-linux-arm64",
      "resolved": "https://registry.npmmirror.com/@openai/codex/-/codex-0.125.0-linux-arm64.tgz",
      "integrity": "sha512-pPnJoJD6rZ2Iin0zNt/up36bO2/EOp2B+1/rPHu/lSq3PJbT3Fmnfut2kJy5LylXb7bGA2XQbtqOogZzIbnlkA==",
      "cpu": [
        "arm64"
      ],
      "license": "Apache-2.0",
      "optional": true,
      "os": [
        "linux"
      ],
      "engines": {
        "node": ">=16"
      }
    },
    "node_modules/@openai/codex-linux-x64": {
      "name": "@openai/codex",
      "version": "0.125.0-linux-x64",
      "resolved": "https://registry.npmmirror.com/@openai/codex/-/codex-0.125.0-linux-x64.tgz",
      "integrity": "sha512-K2NTTEeBpz/G+N2x17UGWfauRt3So+ir4f+U/60l5PPnYEJB/w3YZrlXo2G9og8Dm9BqtoBAjoPV74sRv9tWWQ==",
      "cpu": [
        "x64"
      ],
      "license": "Apache-2.0",
      "optional": true,
      "os": [
        "linux"
      ],
      "engines": {
        "node": ">=16"
      }
    },
    "node_modules/@openai/codex-sdk": {
      "version": "0.125.0",
      "resolved": "https://registry.npmmirror.com/@openai/codex-sdk/-/codex-sdk-0.125.0.tgz",
      "integrity": "sha512-1xCIHdSbQVF880nJ2aVWdPIsWZbSpKODwuP9y/gvtChDYhYfYEW0DKp2H8ZlctkzIjlzS/WzYmP6ZZPHIvs2Dg==",
      "license": "Apache-2.0",
      "dependencies": {
        "@openai/codex": "0.125.0"
      },
      "engines": {
        "node": ">=18"
      }
    },
    "node_modules/@openai/codex-win32-arm64": {
      "name": "@openai/codex",
      "version": "0.125.0-win32-arm64",
      "resolved": "https://registry.npmmirror.com/@openai/codex/-/codex-0.125.0-win32-arm64.tgz",
      "integrity": "sha512-zxoUakw9oIHIFrAyk400XkkLBJFA6nOym0NDq6sQ/jhdcYraKqNSRCII2nsBwZHk+/4zgUvuk52iuutgysY/rQ==",
      "cpu": [
        "arm64"
      ],
      "license": "Apache-2.0",
      "optional": true,
      "os": [
        "win32"
      ],
      "engines": {
        "node": ">=16"
      }
    },
    "node_modules/@openai/codex-win32-x64": {
      "name": "@openai/codex",
      "version": "0.125.0-win32-x64",
      "resolved": "https://registry.npmmirror.com/@openai/codex/-/codex-0.125.0-win32-x64.tgz",
      "integrity": "sha512-ofpOK+OWH5QFuUZ9pTM0d/PcXUXiIP5z5DpRcE9MlucJoyOl4Zy4Nu3NcuHF4YzCkZMQb6x3j0tjDEPHKqNQzw==",
      "cpu": [
        "x64"
      ],
      "license": "Apache-2.0",
      "optional": true,
      "os": [
        "win32"
      ],
      "engines": {
        "node": ">=16"
      }
    },
    "node_modules/@types/node": {
      "version": "25.6.0",
      "resolved": "https://registry.npmmirror.com/@types/node/-/node-25.6.0.tgz",
      "integrity": "sha512-+qIYRKdNYJwY3vRCZMdJbPLJAtGjQBudzZzdzwQYkEPQd+PJGixUL5QfvCLDaULoLv+RhT3LDkwEfKaAkgSmNQ==",
      "dev": true,
      "license": "MIT",
      "dependencies": {
        "undici-types": "~7.19.0"
      }
    },
    "node_modules/hono": {
      "version": "4.12.15",
      "resolved": "https://registry.npmmirror.com/hono/-/hono-4.12.15.tgz",
      "integrity": "sha512-qM0jDhFEaCBb4TxoW7f53Qrpv9RBiayUHo0S52JudprkhvpjIrGoU1mnnr29Fvd1U335ZFPZQY1wlkqgfGXyLg==",
      "license": "MIT",
      "engines": {
        "node": ">=16.9.0"
      }
    },
    "node_modules/typescript": {
      "version": "5.9.3",
      "resolved": "https://registry.npmmirror.com/typescript/-/typescript-5.9.3.tgz",
      "integrity": "sha512-jl1vZzPDinLr9eUt3J/t7V6FgNEw9QjvBPdysz9KfQDD41fQrC2Y4vKQdiaUpFT4bXlb1RHhLpp8wtm6M5TgSw==",
      "dev": true,
      "license": "Apache-2.0",
      "bin": {
        "tsc": "bin/tsc",
        "tsserver": "bin/tsserver"
      },
      "engines": {
        "node": ">=14.17"
      }
    },
    "node_modules/undici-types": {
      "version": "7.19.2",
      "resolved": "https://registry.npmmirror.com/undici-types/-/undici-types-7.19.2.tgz",
      "integrity": "sha512-qYVnV5OEm2AW8cJMCpdV20CDyaN3g0AjDlOGf1OW4iaDEx8MwdtChUp4zu4H0VP3nDRF/8RKWH+IPp9uW0YGZg==",
      "dev": true,
      "license": "MIT"
    },
    "node_modules/zod": {
      "version": "4.3.6",
      "resolved": "https://registry.npmmirror.com/zod/-/zod-4.3.6.tgz",
      "integrity": "sha512-rftlrkhHZOcjDwkGlnUtZZkvaPHCsDATp4pGpuOOMDaTdDDXF91wuVDJoWoPsKX/3YPQ5fHuF3STjcYyKr+Qhg==",
      "license": "MIT",
      "funding": {
        "url": "https://github.com/sponsors/colinhacks"
      }
    }
  }
}
